
Microsoft Visual Studio Solution File, Format Version 12.00
# Visual Studio Version 17
VisualStudioVersion = 17.13.35913.81 d17.13
MinimumVisualStudioVersion = 10.0.40219.1
Project("{E24C65DC-7377-472B-9ABA-BC803B73C61A}") = "matala2_client", ".", "{C35EF02B-BDC7-F69A-368D-876BD390A9C4}"
	ProjectSection(WebsiteProperties) = preProject
		TargetFrameworkMoniker = ".NETFramework,Version%3Dv4.8.1"
		Debug.AspNetCompiler.VirtualPath = "/localhost_50308"
		Debug.AspNetCompiler.PhysicalPath = "..\..\..\Desktop\צד שרת\שיעורי בית\מטלה 2\matala2_client\"
		Debug.AspNetCompiler.TargetPath = "PrecompiledWeb\localhost_50308\"
		Debug.AspNetCompiler.Updateable = "true"
		Debug.AspNetCompiler.ForceOverwrite = "true"
		Debug.AspNetCompiler.FixedNames = "false"
		Debug.AspNetCompiler.Debug = "True"
		Release.AspNetCompiler.VirtualPath = "/localhost_50308"
		Release.AspNetCompiler.PhysicalPath = "..\..\..\Desktop\צד שרת\שיעורי בית\מטלה 2\matala2_client\"
		Release.AspNetCompiler.TargetPath = "PrecompiledWeb\localhost_50308\"
		Release.AspNetCompiler.Updateable = "true"
		Release.AspNetCompiler.ForceOverwrite = "true"
		Release.AspNetCompiler.FixedNames = "false"
		Release.AspNetCompiler.Debug = "False"
		VWDPort = "50308"
	EndProjectSection
EndProject
Global
	GlobalSection(SolutionConfigurationPlatforms) = preSolution
		Debug|Any CPU = Debug|Any CPU
	EndGlobalSection
	GlobalSection(ProjectConfigurationPlatforms) = postSolution
		{C35EF02B-BDC7-F69A-368D-876BD390A9C4}.Debug|Any CPU.ActiveCfg = Debug|Any CPU
		{C35EF02B-BDC7-F69A-368D-876BD390A9C4}.Debug|Any CPU.Build.0 = Debug|Any CPU
	EndGlobalSection
	GlobalSection(SolutionProperties) = preSolution
		HideSolutionNode = FALSE
	EndGlobalSection
	GlobalSection(ExtensibilityGlobals) = postSolution
		SolutionGuid = {CB36F51B-5094-49B4-A704-6088E9BCFA5E}
	EndGlobalSection
EndGlobal
